
Microsoft Visual Studio Solution File, Format Version 12.00
# Visual Studio Version 17
VisualStudioVersion = 17.1.32421.90
MinimumVisualStudioVersion = 10.0.40219.1
Project("{FAE04EC0-301F-11D3-BF4B-00C04F79EFBC}") = "SonsOfTheForestCompanionRescue", "SonsOfTheForestCompanionRescue\SonsOfTheForestCompanionRescue.csproj", "{A39C127C-AB70-4441-8257-64C3B12DB5D0}"
EndProject
Global
	GlobalSection(SolutionConfigurationPlatforms) = preSolution
		Debug|Any CPU = Debug|Any CPU
		Release|Any CPU = Release|Any CPU
	EndGlobalSection
	GlobalSection(ProjectConfigurationPlatforms) = postSolution
		{A39C127C-AB70-4441-8257-64C3B12DB5D0}.Debug|Any CPU.ActiveCfg = Debug|Any CPU
		{A39C127C-AB70-4441-8257-64C3B12DB5D0}.Debug|Any CPU.Build.0 = Debug|Any CPU
		{A39C127C-AB70-4441-8257-64C3B12DB5D0}.Release|Any CPU.ActiveCfg = Release|Any CPU
		{A39C127C-AB70-4441-8257-64C3B12DB5D0}.Release|Any CPU.Build.0 = Release|Any CPU
	EndGlobalSection
	GlobalSection(SolutionProperties) = preSolution
		HideSolutionNode = FALSE
	EndGlobalSection
	GlobalSection(ExtensibilityGlobals) = postSolution
		SolutionGuid = {CC789DD1-8BBF-4322-8564-548967324811}
	EndGlobalSection
EndGlobal
